
Microsoft Visual Studio Solution File, Format Version 12.00
# Visual Studio Version 17
VisualStudioVersion = 17.13.35919.96 d17.13
MinimumVisualStudioVersion = 10.0.40219.1
Project("{FAE04EC0-301F-11D3-BF4B-00C04F79EFBC}") = "motocykle zaliczenie", "motocykle zaliczenie\motocykle zaliczenie.csproj", "{68AC9D5C-E050-4E37-8BC6-3D3D5BF3D596}"
EndProject
Global
	GlobalSection(SolutionConfigurationPlatforms) = preSolution
		Debug|Any CPU = Debug|Any CPU
		Release|Any CPU = Release|Any CPU
	EndGlobalSection
	GlobalSection(ProjectConfigurationPlatforms) = postSolution
		{68AC9D5C-E050-4E37-8BC6-3D3D5BF3D596}.Debug|Any CPU.ActiveCfg = Debug|Any CPU
		{68AC9D5C-E050-4E37-8BC6-3D3D5BF3D596}.Debug|Any CPU.Build.0 = Debug|Any CPU
		{68AC9D5C-E050-4E37-8BC6-3D3D5BF3D596}.Release|Any CPU.ActiveCfg = Release|Any CPU
		{68AC9D5C-E050-4E37-8BC6-3D3D5BF3D596}.Release|Any CPU.Build.0 = Release|Any CPU
	EndGlobalSection
	GlobalSection(SolutionProperties) = preSolution
		HideSolutionNode = FALSE
	EndGlobalSection
	GlobalSection(ExtensibilityGlobals) = postSolution
		SolutionGuid = {3C18D844-A710-4E1D-93F7-D16F594FF296}
	EndGlobalSection
EndGlobal
